
Microsoft Visual Studio Solution File, Format Version 12.00
# Visual Studio 15
VisualStudioVersion = 15.0.27130.2027
MinimumVisualStudioVersion = 10.0.40219.1
Project("{2150E333-8FDC-42A3-9474-1A3956D46DE8}") = "Benchmarks", "Benchmarks", "{C8104500-2C0F-46A2-AE84-A3D74CC55697}"
EndProject
Project("{2150E333-8FDC-42A3-9474-1A3956D46DE8}") = "Solution Items", "Solution Items", "{85C9F790-0322-4B2E-97EC-3581DA58A0AF}"
EndProject
Project("{9A19103F-16F7-4668-BE54-9A1E7A4F7556}") = "NBench", "src\NBench\NBench.csproj", "{4E0B1852-7B6D-49E7-9939-A315D086B094}"
EndProject
Project("{9A19103F-16F7-4668-BE54-9A1E7A4F7556}") = "NBench.Microbenchmarks", "benchmarks\NBench.Microbenchmarks\NBench.Microbenchmarks.csproj", "{FDA04BAB-34FD-4E5D-91F4-0503090973A6}"
EndProject
Project("{2150E333-8FDC-42A3-9474-1A3956D46DE8}") = "Tests", "Tests", "{1F1914B9-8F67-4B51-9738-CDE5AFB2F8DE}"
EndProject
Project("{9A19103F-16F7-4668-BE54-9A1E7A4F7556}") = "NBench.Tests", "tests\NBench.Tests\NBench.Tests.csproj", "{5716EAF7-ABA1-434F-9AFA-51693A73C627}"
EndProject
Project("{9A19103F-16F7-4668-BE54-9A1E7A4F7556}") = "NBench.Tests.End2End", "tests\NBench.Tests.End2End\NBench.Tests.End2End.csproj", "{B7F38539-67A1-42B8-A5E5-CB592B6E3233}"
EndProject
Project("{9A19103F-16F7-4668-BE54-9A1E7A4F7556}") = "NBench.Runner", "src\NBench.Runner\NBench.Runner.csproj", "{5C586501-4E91-4007-B23F-02E20014DA51}"
EndProject
Project("{2150E333-8FDC-42A3-9474-1A3956D46DE8}") = "Build", "Build", "{97444074-C626-443F-BE96-374AD2E43604}"
	ProjectSection(SolutionItems) = preProject
		build.cmd = build.cmd
		build.fsx = build.fsx
		build.ps1 = build.ps1
		build.sh = build.sh
		src\common.props = src\common.props
	EndProjectSection
EndProject
Project("{9A19103F-16F7-4668-BE54-9A1E7A4F7556}") = "NBench.Tests.Performance", "tests\NBench.Tests.Performance\NBench.Tests.Performance.csproj", "{E3730D65-70AE-4055-A291-800044C48FDD}"
EndProject
Project("{9A19103F-16F7-4668-BE54-9A1E7A4F7556}") = "NBench.PerformanceCounters", "src\NBench.PerformanceCounters\NBench.PerformanceCounters.csproj", "{3112B845-6A64-4AD2-9FA9-88F47BE980C8}"
EndProject
Project("{9A19103F-16F7-4668-BE54-9A1E7A4F7556}") = "NBench.PerformanceCounters.Tests.Performance", "tests\NBench.PerformanceCounters.Tests.Performance\NBench.PerformanceCounters.Tests.Performance.csproj", "{FD7BE8F5-460F-4A3D-A479-E4AF36C4EED5}"
EndProject
Project("{9A19103F-16F7-4668-BE54-9A1E7A4F7556}") = "NBench.PerformanceCounters.Tests.End2End", "tests\NBench.PerformanceCounters.Tests.End2End\NBench.PerformanceCounters.Tests.End2End.csproj", "{416A4BAD-459C-4896-A44C-4C2344EBE154}"
EndProject
Project("{9A19103F-16F7-4668-BE54-9A1E7A4F7556}") = "NBench.Runner.DotNetCli", "src\NBench.Runner.DotNetCli\NBench.Runner.DotNetCli.csproj", "{552BA093-1A4A-455D-8186-B8018C9972D5}"
EndProject
Project("{9A19103F-16F7-4668-BE54-9A1E7A4F7556}") = "NBench.Tests.Performance.WithDependencies", "tests\NBench.Tests.Performance.WithDependencies\NBench.Tests.Performance.WithDependencies.csproj", "{C526F6D9-B1A5-486F-8CC1-43104CBDD38D}"
EndProject
Project("{9A19103F-16F7-4668-BE54-9A1E7A4F7556}") = "NBench.Tests.Reporting", "tests\NBench.Tests.Reporting\NBench.Tests.Reporting.csproj", "{B488C0E4-BCEA-47DB-AFB4-564484CF7F8D}"
EndProject
Project("{9A19103F-16F7-4668-BE54-9A1E7A4F7556}") = "NBench.TestAssembly", "tests\NBench.TestAssembly\NBench.TestAssembly.csproj", "{D2F62C2C-4D06-4106-BEFF-9038D27F6B06}"
EndProject
Project("{FAE04EC0-301F-11D3-BF4B-00C04F79EFBC}") = "NBench.Execution", "src\NBench.Execution\NBench.Execution.csproj", "{746EA7F1-AF54-4643-8DE5-4D423EAC4685}"
EndProject
Global
	GlobalSection(SolutionConfigurationPlatforms) = preSolution
		Debug|Any CPU = Debug|Any CPU
		Debug|x64 = Debug|x64
		Debug|x86 = Debug|x86
		Release|Any CPU = Release|Any CPU
		Release|x64 = Release|x64
		Release|x86 = Release|x86
	EndGlobalSection
	GlobalSection(ProjectConfigurationPlatforms) = postSolution
		{4E0B1852-7B6D-49E7-9939-A315D086B094}.Debug|Any CPU.ActiveCfg = Debug|Any CPU
		{4E0B1852-7B6D-49E7-9939-A315D086B094}.Debug|Any CPU.Build.0 = Debug|Any CPU
		{4E0B1852-7B6D-49E7-9939-A315D086B094}.Debug|x64.ActiveCfg = Debug|Any CPU
		{4E0B1852-7B6D-49E7-9939-A315D086B094}.Debug|x64.Build.0 = Debug|Any CPU
		{4E0B1852-7B6D-49E7-9939-A315D086B094}.Debug|x86.ActiveCfg = Debug|Any CPU
		{4E0B1852-7B6D-49E7-9939-A315D086B094}.Debug|x86.Build.0 = Debug|Any CPU
		{4E0B1852-7B6D-49E7-9939-A315D086B094}.Release|Any CPU.ActiveCfg = Release|Any CPU
		{4E0B1852-7B6D-49E7-9939-A315D086B094}.Release|Any CPU.Build.0 = Release|Any CPU
		{4E0B1852-7B6D-49E7-9939-A315D086B094}.Release|x64.ActiveCfg = Release|Any CPU
		{4E0B1852-7B6D-49E7-9939-A315D086B094}.Release|x64.Build.0 = Release|Any CPU
		{4E0B1852-7B6D-49E7-9939-A315D086B094}.Release|x86.ActiveCfg = Release|Any CPU
		{4E0B1852-7B6D-49E7-9939-A315D086B094}.Release|x86.Build.0 = Release|Any CPU
		{FDA04BAB-34FD-4E5D-91F4-0503090973A6}.Debug|Any CPU.ActiveCfg = Debug|Any CPU
		{FDA04BAB-34FD-4E5D-91F4-0503090973A6}.Debug|Any CPU.Build.0 = Debug|Any CPU
		{FDA04BAB-34FD-4E5D-91F4-0503090973A6}.Debug|x64.ActiveCfg = Debug|Any CPU
		{FDA04BAB-34FD-4E5D-91F4-0503090973A6}.Debug|x64.Build.0 = Debug|Any CPU
		{FDA04BAB-34FD-4E5D-91F4-0503090973A6}.Debug|x86.ActiveCfg = Debug|Any CPU
		{FDA04BAB-34FD-4E5D-91F4-0503090973A6}.Debug|x86.Build.0 = Debug|Any CPU
		{FDA04BAB-34FD-4E5D-91F4-0503090973A6}.Release|Any CPU.ActiveCfg = Release|Any CPU
		{FDA04BAB-34FD-4E5D-91F4-0503090973A6}.Release|Any CPU.Build.0 = Release|Any CPU
		{FDA04BAB-34FD-4E5D-91F4-0503090973A6}.Release|x64.ActiveCfg = Release|Any CPU
		{FDA04BAB-34FD-4E5D-91F4-0503090973A6}.Release|x64.Build.0 = Release|Any CPU
		{FDA04BAB-34FD-4E5D-91F4-0503090973A6}.Release|x86.ActiveCfg = Release|Any CPU
		{FDA04BAB-34FD-4E5D-91F4-0503090973A6}.Release|x86.Build.0 = Release|Any CPU
		{5716EAF7-ABA1-434F-9AFA-51693A73C627}.Debug|Any CPU.ActiveCfg = Debug|Any CPU
		{5716EAF7-ABA1-434F-9AFA-51693A73C627}.Debug|Any CPU.Build.0 = Debug|Any CPU
		{5716EAF7-ABA1-434F-9AFA-51693A73C627}.Debug|x64.ActiveCfg = Debug|Any CPU
		{5716EAF7-ABA1-434F-9AFA-51693A73C627}.Debug|x64.Build.0 = Debug|Any CPU
		{5716EAF7-ABA1-434F-9AFA-51693A73C627}.Debug|x86.ActiveCfg = Debug|Any CPU
		{5716EAF7-ABA1-434F-9AFA-51693A73C627}.Debug|x86.Build.0 = Debug|Any CPU
		{5716EAF7-ABA1-434F-9AFA-51693A73C627}.Release|Any CPU.ActiveCfg = Release|Any CPU
		{5716EAF7-ABA1-434F-9AFA-51693A73C627}.Release|Any CPU.Build.0 = Release|Any CPU
		{5716EAF7-ABA1-434F-9AFA-51693A73C627}.Release|x64.ActiveCfg = Release|Any CPU
		{5716EAF7-ABA1-434F-9AFA-51693A73C627}.Release|x64.Build.0 = Release|Any CPU
		{5716EAF7-ABA1-434F-9AFA-51693A73C627}.Release|x86.ActiveCfg = Release|Any CPU
		{5716EAF7-ABA1-434F-9AFA-51693A73C627}.Release|x86.Build.0 = Release|Any CPU
		{B7F38539-67A1-42B8-A5E5-CB592B6E3233}.Debug|Any CPU.ActiveCfg = Debug|Any CPU
		{B7F38539-67A1-42B8-A5E5-CB592B6E3233}.Debug|Any CPU.Build.0 = Debug|Any CPU
		{B7F38539-67A1-42B8-A5E5-CB592B6E3233}.Debug|x64.ActiveCfg = Debug|Any CPU
		{B7F38539-67A1-42B8-A5E5-CB592B6E3233}.Debug|x64.Build.0 = Debug|Any CPU
		{B7F38539-67A1-42B8-A5E5-CB592B6E3233}.Debug|x86.ActiveCfg = Debug|Any CPU
		{B7F38539-67A1-42B8-A5E5-CB592B6E3233}.Debug|x86.Build.0 = Debug|Any CPU
		{B7F38539-67A1-42B8-A5E5-CB592B6E3233}.Release|Any CPU.ActiveCfg = Release|Any CPU
		{B7F38539-67A1-42B8-A5E5-CB592B6E3233}.Release|Any CPU.Build.0 = Release|Any CPU
		{B7F38539-67A1-42B8-A5E5-CB592B6E3233}.Release|x64.ActiveCfg = Release|Any CPU
		{B7F38539-67A1-42B8-A5E5-CB592B6E3233}.Release|x64.Build.0 = Release|Any CPU
		{B7F38539-67A1-42B8-A5E5-CB592B6E3233}.Release|x86.ActiveCfg = Release|Any CPU
		{B7F38539-67A1-42B8-A5E5-CB592B6E3233}.Release|x86.Build.0 = Release|Any CPU
		{5C586501-4E91-4007-B23F-02E20014DA51}.Debug|Any CPU.ActiveCfg = Debug|Any CPU
		{5C586501-4E91-4007-B23F-02E20014DA51}.Debug|Any CPU.Build.0 = Debug|Any CPU
		{5C586501-4E91-4007-B23F-02E20014DA51}.Debug|x64.ActiveCfg = Debug|Any CPU
		{5C586501-4E91-4007-B23F-02E20014DA51}.Debug|x64.Build.0 = Debug|Any CPU
		{5C586501-4E91-4007-B23F-02E20014DA51}.Debug|x86.ActiveCfg = Debug|Any CPU
		{5C586501-4E91-4007-B23F-02E20014DA51}.Debug|x86.Build.0 = Debug|Any CPU
		{5C586501-4E91-4007-B23F-02E20014DA51}.Release|Any CPU.ActiveCfg = Release|Any CPU
		{5C586501-4E91-4007-B23F-02E20014DA51}.Release|Any CPU.Build.0 = Release|Any CPU
		{5C586501-4E91-4007-B23F-02E20014DA51}.Release|x64.ActiveCfg = Release|Any CPU
		{5C586501-4E91-4007-B23F-02E20014DA51}.Release|x64.Build.0 = Release|Any CPU
		{5C586501-4E91-4007-B23F-02E20014DA51}.Release|x86.ActiveCfg = Release|Any CPU
		{5C586501-4E91-4007-B23F-02E20014DA51}.Release|x86.Build.0 = Release|Any CPU
		{E3730D65-70AE-4055-A291-800044C48FDD}.Debug|Any CPU.ActiveCfg = Debug|Any CPU
		{E3730D65-70AE-4055-A291-800044C48FDD}.Debug|Any CPU.Build.0 = Debug|Any CPU
		{E3730D65-70AE-4055-A291-800044C48FDD}.Debug|x64.ActiveCfg = Debug|Any CPU
		{E3730D65-70AE-4055-A291-800044C48FDD}.Debug|x64.Build.0 = Debug|Any CPU
		{E3730D65-70AE-4055-A291-800044C48FDD}.Debug|x86.ActiveCfg = Debug|Any CPU
		{E3730D65-70AE-4055-A291-800044C48FDD}.Debug|x86.Build.0 = Debug|Any CPU
		{E3730D65-70AE-4055-A291-800044C48FDD}.Release|Any CPU.ActiveCfg = Release|Any CPU
		{E3730D65-70AE-4055-A291-800044C48FDD}.Release|Any CPU.Build.0 = Release|Any CPU
		{E3730D65-70AE-4055-A291-800044C48FDD}.Release|x64.ActiveCfg = Release|Any CPU
		{E3730D65-70AE-4055-A291-800044C48FDD}.Release|x64.Build.0 = Release|Any CPU
		{E3730D65-70AE-4055-A291-800044C48FDD}.Release|x86.ActiveCfg = Release|Any CPU
		{E3730D65-70AE-4055-A291-800044C48FDD}.Release|x86.Build.0 = Release|Any CPU
		{3112B845-6A64-4AD2-9FA9-88F47BE980C8}.Debug|Any CPU.ActiveCfg = Debug|Any CPU
		{3112B845-6A64-4AD2-9FA9-88F47BE980C8}.Debug|Any CPU.Build.0 = Debug|Any CPU
		{3112B845-6A64-4AD2-9FA9-88F47BE980C8}.Debug|x64.ActiveCfg = Debug|Any CPU
		{3112B845-6A64-4AD2-9FA9-88F47BE980C8}.Debug|x64.Build.0 = Debug|Any CPU
		{3112B845-6A64-4AD2-9FA9-88F47BE980C8}.Debug|x86.ActiveCfg = Debug|Any CPU
		{3112B845-6A64-4AD2-9FA9-88F47BE980C8}.Debug|x86.Build.0 = Debug|Any CPU
		{3112B845-6A64-4AD2-9FA9-88F47BE980C8}.Release|Any CPU.ActiveCfg = Release|Any CPU
		{3112B845-6A64-4AD2-9FA9-88F47BE980C8}.Release|Any CPU.Build.0 = Release|Any CPU
		{3112B845-6A64-4AD2-9FA9-88F47BE980C8}.Release|x64.ActiveCfg = Release|Any CPU
		{3112B845-6A64-4AD2-9FA9-88F47BE980C8}.Release|x64.Build.0 = Release|Any CPU
		{3112B845-6A64-4AD2-9FA9-88F47BE980C8}.Release|x86.ActiveCfg = Release|Any CPU
		{3112B845-6A64-4AD2-9FA9-88F47BE980C8}.Release|x86.Build.0 = Release|Any CPU
		{FD7BE8F5-460F-4A3D-A479-E4AF36C4EED5}.Debug|Any CPU.ActiveCfg = Debug|Any CPU
		{FD7BE8F5-460F-4A3D-A479-E4AF36C4EED5}.Debug|Any CPU.Build.0 = Debug|Any CPU
		{FD7BE8F5-460F-4A3D-A479-E4AF36C4EED5}.Debug|x64.ActiveCfg = Debug|Any CPU
		{FD7BE8F5-460F-4A3D-A479-E4AF36C4EED5}.Debug|x64.Build.0 = Debug|Any CPU
		{FD7BE8F5-460F-4A3D-A479-E4AF36C4EED5}.Debug|x86.ActiveCfg = Debug|Any CPU
		{FD7BE8F5-460F-4A3D-A479-E4AF36C4EED5}.Debug|x86.Build.0 = Debug|Any CPU
		{FD7BE8F5-460F-4A3D-A479-E4AF36C4EED5}.Release|Any CPU.ActiveCfg = Release|Any CPU
		{FD7BE8F5-460F-4A3D-A479-E4AF36C4EED5}.Release|Any CPU.Build.0 = Release|Any CPU
		{FD7BE8F5-460F-4A3D-A479-E4AF36C4EED5}.Release|x64.ActiveCfg = Release|Any CPU
		{FD7BE8F5-460F-4A3D-A479-E4AF36C4EED5}.Release|x64.Build.0 = Release|Any CPU
		{FD7BE8F5-460F-4A3D-A479-E4AF36C4EED5}.Release|x86.ActiveCfg = Release|Any CPU
		{FD7BE8F5-460F-4A3D-A479-E4AF36C4EED5}.Release|x86.Build.0 = Release|Any CPU
		{416A4BAD-459C-4896-A44C-4C2344EBE154}.Debug|Any CPU.ActiveCfg = Debug|Any CPU
		{416A4BAD-459C-4896-A44C-4C2344EBE154}.Debug|Any CPU.Build.0 = Debug|Any CPU
		{416A4BAD-459C-4896-A44C-4C2344EBE154}.Debug|x64.ActiveCfg = Debug|Any CPU
		{416A4BAD-459C-4896-A44C-4C2344EBE154}.Debug|x64.Build.0 = Debug|Any CPU
		{416A4BAD-459C-4896-A44C-4C2344EBE154}.Debug|x86.ActiveCfg = Debug|Any CPU
		{416A4BAD-459C-4896-A44C-4C2344EBE154}.Debug|x86.Build.0 = Debug|Any CPU
		{416A4BAD-459C-4896-A44C-4C2344EBE154}.Release|Any CPU.ActiveCfg = Release|Any CPU
		{416A4BAD-459C-4896-A44C-4C2344EBE154}.Release|Any CPU.Build.0 = Release|Any CPU
		{416A4BAD-459C-4896-A44C-4C2344EBE154}.Release|x64.ActiveCfg = Release|Any CPU
		{416A4BAD-459C-4896-A44C-4C2344EBE154}.Release|x64.Build.0 = Release|Any CPU
		{416A4BAD-459C-4896-A44C-4C2344EBE154}.Release|x86.ActiveCfg = Release|Any CPU
		{416A4BAD-459C-4896-A44C-4C2344EBE154}.Release|x86.Build.0 = Release|Any CPU
		{552BA093-1A4A-455D-8186-B8018C9972D5}.Debug|Any CPU.ActiveCfg = Debug|Any CPU
		{552BA093-1A4A-455D-8186-B8018C9972D5}.Debug|Any CPU.Build.0 = Debug|Any CPU
		{552BA093-1A4A-455D-8186-B8018C9972D5}.Debug|x64.ActiveCfg = Debug|Any CPU
		{552BA093-1A4A-455D-8186-B8018C9972D5}.Debug|x64.Build.0 = Debug|Any CPU
		{552BA093-1A4A-455D-8186-B8018C9972D5}.Debug|x86.ActiveCfg = Debug|Any CPU
		{552BA093-1A4A-455D-8186-B8018C9972D5}.Debug|x86.Build.0 = Debug|Any CPU
		{552BA093-1A4A-455D-8186-B8018C9972D5}.Release|Any CPU.ActiveCfg = Release|Any CPU
		{552BA093-1A4A-455D-8186-B8018C9972D5}.Release|Any CPU.Build.0 = Release|Any CPU
		{552BA093-1A4A-455D-8186-B8018C9972D5}.Release|x64.ActiveCfg = Release|Any CPU
		{552BA093-1A4A-455D-8186-B8018C9972D5}.Release|x64.Build.0 = Release|Any CPU
		{552BA093-1A4A-455D-8186-B8018C9972D5}.Release|x86.ActiveCfg = Release|Any CPU
		{552BA093-1A4A-455D-8186-B8018C9972D5}.Release|x86.Build.0 = Release|Any CPU
		{C526F6D9-B1A5-486F-8CC1-43104CBDD38D}.Debug|Any CPU.ActiveCfg = Debug|Any CPU
		{C526F6D9-B1A5-486F-8CC1-43104CBDD38D}.Debug|Any CPU.Build.0 = Debug|Any CPU
		{C526F6D9-B1A5-486F-8CC1-43104CBDD38D}.Debug|x64.ActiveCfg = Debug|Any CPU
		{C526F6D9-B1A5-486F-8CC1-43104CBDD38D}.Debug|x64.Build.0 = Debug|Any CPU
		{C526F6D9-B1A5-486F-8CC1-43104CBDD38D}.Debug|x86.ActiveCfg = Debug|Any CPU
		{C526F6D9-B1A5-486F-8CC1-43104CBDD38D}.Debug|x86.Build.0 = Debug|Any CPU
		{C526F6D9-B1A5-486F-8CC1-43104CBDD38D}.Release|Any CPU.ActiveCfg = Release|Any CPU
		{C526F6D9-B1A5-486F-8CC1-43104CBDD38D}.Release|Any CPU.Build.0 = Release|Any CPU
		{C526F6D9-B1A5-486F-8CC1-43104CBDD38D}.Release|x64.ActiveCfg = Release|Any CPU
		{C526F6D9-B1A5-486F-8CC1-43104CBDD38D}.Release|x64.Build.0 = Release|Any CPU
		{C526F6D9-B1A5-486F-8CC1-43104CBDD38D}.Release|x86.ActiveCfg = Release|Any CPU
		{C526F6D9-B1A5-486F-8CC1-43104CBDD38D}.Release|x86.Build.0 = Release|Any CPU
		{B488C0E4-BCEA-47DB-AFB4-564484CF7F8D}.Debug|Any CPU.ActiveCfg = Debug|Any CPU
		{B488C0E4-BCEA-47DB-AFB4-564484CF7F8D}.Debug|Any CPU.Build.0 = Debug|Any CPU
		{B488C0E4-BCEA-47DB-AFB4-564484CF7F8D}.Debug|x64.ActiveCfg = Debug|Any CPU
		{B488C0E4-BCEA-47DB-AFB4-564484CF7F8D}.Debug|x64.Build.0 = Debug|Any CPU
		{B488C0E4-BCEA-47DB-AFB4-564484CF7F8D}.Debug|x86.ActiveCfg = Debug|Any CPU
		{B488C0E4-BCEA-47DB-AFB4-564484CF7F8D}.Debug|x86.Build.0 = Debug|Any CPU
		{B488C0E4-BCEA-47DB-AFB4-564484CF7F8D}.Release|Any CPU.ActiveCfg = Release|Any CPU
		{B488C0E4-BCEA-47DB-AFB4-564484CF7F8D}.Release|Any CPU.Build.0 = Release|Any CPU
		{B488C0E4-BCEA-47DB-AFB4-564484CF7F8D}.Release|x64.ActiveCfg = Release|Any CPU
		{B488C0E4-BCEA-47DB-AFB4-564484CF7F8D}.Release|x64.Build.0 = Release|Any CPU
		{B488C0E4-BCEA-47DB-AFB4-564484CF7F8D}.Release|x86.ActiveCfg = Release|Any CPU
		{B488C0E4-BCEA-47DB-AFB4-564484CF7F8D}.Release|x86.Build.0 = Release|Any CPU
		{D2F62C2C-4D06-4106-BEFF-9038D27F6B06}.Debug|Any CPU.ActiveCfg = Debug|Any CPU
		{D2F62C2C-4D06-4106-BEFF-9038D27F6B06}.Debug|Any CPU.Build.0 = Debug|Any CPU
		{D2F62C2C-4D06-4106-BEFF-9038D27F6B06}.Debug|x64.ActiveCfg = Debug|Any CPU
		{D2F62C2C-4D06-4106-BEFF-9038D27F6B06}.Debug|x64.Build.0 = Debug|Any CPU
		{D2F62C2C-4D06-4106-BEFF-9038D27F6B06}.Debug|x86.ActiveCfg = Debug|Any CPU
		{D2F62C2C-4D06-4106-BEFF-9038D27F6B06}.Debug|x86.Build.0 = Debug|Any CPU
		{D2F62C2C-4D06-4106-BEFF-9038D27F6B06}.Release|Any CPU.ActiveCfg = Release|Any CPU
		{D2F62C2C-4D06-4106-BEFF-9038D27F6B06}.Release|Any CPU.Build.0 = Release|Any CPU
		{D2F62C2C-4D06-4106-BEFF-9038D27F6B06}.Release|x64.ActiveCfg = Release|Any CPU
		{D2F62C2C-4D06-4106-BEFF-9038D27F6B06}.Release|x64.Build.0 = Release|Any CPU
		{D2F62C2C-4D06-4106-BEFF-9038D27F6B06}.Release|x86.ActiveCfg = Release|Any CPU
		{D2F62C2C-4D06-4106-BEFF-9038D27F6B06}.Release|x86.Build.0 = Release|Any CPU
		{746EA7F1-AF54-4643-8DE5-4D423EAC4685}.Debug|Any CPU.ActiveCfg = Debug|Any CPU
		{746EA7F1-AF54-4643-8DE5-4D423EAC4685}.Debug|Any CPU.Build.0 = Debug|Any CPU
		{746EA7F1-AF54-4643-8DE5-4D423EAC4685}.Debug|x64.ActiveCfg = Debug|Any CPU
		{746EA7F1-AF54-4643-8DE5-4D423EAC4685}.Debug|x64.Build.0 = Debug|Any CPU
		{746EA7F1-AF54-4643-8DE5-4D423EAC4685}.Debug|x86.ActiveCfg = Debug|Any CPU
		{746EA7F1-AF54-4643-8DE5-4D423EAC4685}.Debug|x86.Build.0 = Debug|Any CPU
		{746EA7F1-AF54-4643-8DE5-4D423EAC4685}.Release|Any CPU.ActiveCfg = Release|Any CPU
		{746EA7F1-AF54-4643-8DE5-4D423EAC4685}.Release|Any CPU.Build.0 = Release|Any CPU
		{746EA7F1-AF54-4643-8DE5-4D423EAC4685}.Release|x64.ActiveCfg = Release|Any CPU
		{746EA7F1-AF54-4643-8DE5-4D423EAC4685}.Release|x64.Build.0 = Release|Any CPU
		{746EA7F1-AF54-4643-8DE5-4D423EAC4685}.Release|x86.ActiveCfg = Release|Any CPU
		{746EA7F1-AF54-4643-8DE5-4D423EAC4685}.Release|x86.Build.0 = Release|Any CPU
	EndGlobalSection
	GlobalSection(SolutionProperties) = preSolution
		HideSolutionNode = FALSE
	EndGlobalSection
	GlobalSection(NestedProjects) = preSolution
		{85C9F790-0322-4B2E-97EC-3581DA58A0AF} = {1F1914B9-8F67-4B51-9738-CDE5AFB2F8DE}
		{FDA04BAB-34FD-4E5D-91F4-0503090973A6} = {C8104500-2C0F-46A2-AE84-A3D74CC55697}
		{5716EAF7-ABA1-434F-9AFA-51693A73C627} = {1F1914B9-8F67-4B51-9738-CDE5AFB2F8DE}
		{B7F38539-67A1-42B8-A5E5-CB592B6E3233} = {1F1914B9-8F67-4B51-9738-CDE5AFB2F8DE}
		{E3730D65-70AE-4055-A291-800044C48FDD} = {1F1914B9-8F67-4B51-9738-CDE5AFB2F8DE}
		{FD7BE8F5-460F-4A3D-A479-E4AF36C4EED5} = {1F1914B9-8F67-4B51-9738-CDE5AFB2F8DE}
		{416A4BAD-459C-4896-A44C-4C2344EBE154} = {1F1914B9-8F67-4B51-9738-CDE5AFB2F8DE}
		{C526F6D9-B1A5-486F-8CC1-43104CBDD38D} = {1F1914B9-8F67-4B51-9738-CDE5AFB2F8DE}
		{B488C0E4-BCEA-47DB-AFB4-564484CF7F8D} = {1F1914B9-8F67-4B51-9738-CDE5AFB2F8DE}
		{D2F62C2C-4D06-4106-BEFF-9038D27F6B06} = {1F1914B9-8F67-4B51-9738-CDE5AFB2F8DE}
	EndGlobalSection
	GlobalSection(ExtensibilityGlobals) = postSolution
		SolutionGuid = {16E8E98A-E07F-4357-9283-CC588D2D5D0F}
	EndGlobalSection
EndGlobal
